
Microsoft Visual Studio Solution File, Format Version 12.00
# Visual Studio Version 17
VisualStudioVersion = 17.0.31717.71
MinimumVisualStudioVersion = 10.0.40219.1
Project("{2AD9AB92-D31C-4C48-955C-AE553FFFF907}") = "MudBlazorTemplatesTest.Server", "Server\MudBlazorTemplatesTest.Server.csproj", "{FCF9D5C8-BD13-46FD-B832-47E380385C56}"
EndProject
Project("{2AD9AB92-D31C-4C48-955C-AE553FFFF907}") = "MudBlazorTemplatesTest.Client", "Client\MudBlazorTemplatesTest.Client.csproj", "{3AEA78A2-F416-45C2-B43D-9C17F06F1E1A}"
EndProject
Project("{2AD9AB92-D31C-4C48-955C-AE553FFFF907}") = "MudBlazorTemplatesTest.Shared", "Shared\MudBlazorTemplatesTest.Shared.csproj", "{EFCED834-98DF-4E2D-9CBF-AC023E793180}"
EndProject
Global
	GlobalSection(SolutionConfigurationPlatforms) = preSolution
		Debug|Any CPU = Debug|Any CPU
		Release|Any CPU = Release|Any CPU
	EndGlobalSection
	GlobalSection(ProjectConfigurationPlatforms) = postSolution
		{FCF9D5C8-BD13-46FD-B832-47E380385C56}.Debug|Any CPU.ActiveCfg = Debug|Any CPU
		{FCF9D5C8-BD13-46FD-B832-47E380385C56}.Debug|Any CPU.Build.0 = Debug|Any CPU
		{FCF9D5C8-BD13-46FD-B832-47E380385C56}.Release|Any CPU.ActiveCfg = Release|Any CPU
		{FCF9D5C8-BD13-46FD-B832-47E380385C56}.Release|Any CPU.Build.0 = Release|Any CPU
		{3AEA78A2-F416-45C2-B43D-9C17F06F1E1A}.Debug|Any CPU.ActiveCfg = Debug|Any CPU
		{3AEA78A2-F416-45C2-B43D-9C17F06F1E1A}.Debug|Any CPU.Build.0 = Debug|Any CPU
		{3AEA78A2-F416-45C2-B43D-9C17F06F1E1A}.Release|Any CPU.ActiveCfg = Release|Any CPU
		{3AEA78A2-F416-45C2-B43D-9C17F06F1E1A}.Release|Any CPU.Build.0 = Release|Any CPU
		{EFCED834-98DF-4E2D-9CBF-AC023E793180}.Debug|Any CPU.ActiveCfg = Debug|Any CPU
		{EFCED834-98DF-4E2D-9CBF-AC023E793180}.Debug|Any CPU.Build.0 = Debug|Any CPU
		{EFCED834-98DF-4E2D-9CBF-AC023E793180}.Release|Any CPU.ActiveCfg = Release|Any CPU
		{EFCED834-98DF-4E2D-9CBF-AC023E793180}.Release|Any CPU.Build.0 = Release|Any CPU
	EndGlobalSection
	GlobalSection(SolutionProperties) = preSolution
		HideSolutionNode = FALSE
	EndGlobalSection
	GlobalSection(ExtensibilityGlobals) = postSolution
		SolutionGuid = {A94D21B8-D6C0-47FC-9522-4FF066313FEE}
	EndGlobalSection
EndGlobal